
Microsoft Visual Studio Solution File, Format Version 12.00
# Visual Studio 14
VisualStudioVersion = 14.0.25420.1
MinimumVisualStudioVersion = 10.0.40219.1
Project("{FAE04EC0-301F-11D3-BF4B-00C04F79EFBC}") = "Workshops.AppLogic", "UnitTests\Workshops.AppLogic.csproj", "{740A1DF7-85E6-4F57-B090-6D589AB5A420}"
EndProject
Project("{FAE04EC0-301F-11D3-BF4B-00C04F79EFBC}") = "Workshops.Tests", "UnitTests.Tests\Workshops.Tests.csproj", "{1E0A58A8-4D17-4868-BE0F-93F0F8E6B245}"
EndProject
Global
	GlobalSection(SolutionConfigurationPlatforms) = preSolution
		Debug|Any CPU = Debug|Any CPU
		Release|Any CPU = Release|Any CPU
	EndGlobalSection
	GlobalSection(ProjectConfigurationPlatforms) = postSolution
		{740A1DF7-85E6-4F57-B090-6D589AB5A420}.Debug|Any CPU.ActiveCfg = Debug|Any CPU
		{740A1DF7-85E6-4F57-B090-6D589AB5A420}.Debug|Any CPU.Build.0 = Debug|Any CPU
		{740A1DF7-85E6-4F57-B090-6D589AB5A420}.Release|Any CPU.ActiveCfg = Release|Any CPU
		{740A1DF7-85E6-4F57-B090-6D589AB5A420}.Release|Any CPU.Build.0 = Release|Any CPU
		{1E0A58A8-4D17-4868-BE0F-93F0F8E6B245}.Debug|Any CPU.ActiveCfg = Debug|Any CPU
		{1E0A58A8-4D17-4868-BE0F-93F0F8E6B245}.Debug|Any CPU.Build.0 = Debug|Any CPU
		{1E0A58A8-4D17-4868-BE0F-93F0F8E6B245}.Release|Any CPU.ActiveCfg = Release|Any CPU
		{1E0A58A8-4D17-4868-BE0F-93F0F8E6B245}.Release|Any CPU.Build.0 = Release|Any CPU
	EndGlobalSection
	GlobalSection(SolutionProperties) = preSolution
		HideSolutionNode = FALSE
	EndGlobalSection
EndGlobal
